
Microsoft Visual Studio Solution File, Format Version 12.00
# Visual Studio Version 17
VisualStudioVersion = 17.0.31903.59
MinimumVisualStudioVersion = 10.0.40219.1
Project("{2150E333-8FDC-42A3-9474-1A3956D46DE8}") = "src", "src", "{01E614AB-4000-4D2E-882B-BA966C1A47FB}"
EndProject
Project("{FAE04EC0-301F-11D3-BF4B-00C04F79EFBC}") = "MeshCore.NightCrawler", "src\MeshCore.NightCrawler\MeshCore.NightCrawler.csproj", "{F966A89D-982E-460E-BA7D-72441D5183B9}"
EndProject
Project("{2150E333-8FDC-42A3-9474-1A3956D46DE8}") = "tests", "tests", "{C494AB25-1803-45A8-8710-7075B26DAFBD}"
EndProject
Project("{FAE04EC0-301F-11D3-BF4B-00C04F79EFBC}") = "MeshCore.NightCrawler.Tests", "tests\MeshCore.NightCrawler.Tests\MeshCore.NightCrawler.Tests.csproj", "{E26FB59C-ADAA-4AB8-9E04-961FC5144AA8}"
EndProject
Global
	GlobalSection(SolutionConfigurationPlatforms) = preSolution
		Debug|Any CPU = Debug|Any CPU
		Release|Any CPU = Release|Any CPU
	EndGlobalSection
	GlobalSection(SolutionProperties) = preSolution
		HideSolutionNode = FALSE
	EndGlobalSection
	GlobalSection(ProjectConfigurationPlatforms) = postSolution
		{F966A89D-982E-460E-BA7D-72441D5183B9}.Debug|Any CPU.ActiveCfg = Debug|Any CPU
		{F966A89D-982E-460E-BA7D-72441D5183B9}.Debug|Any CPU.Build.0 = Debug|Any CPU
		{F966A89D-982E-460E-BA7D-72441D5183B9}.Release|Any CPU.ActiveCfg = Release|Any CPU
		{F966A89D-982E-460E-BA7D-72441D5183B9}.Release|Any CPU.Build.0 = Release|Any CPU
		{E26FB59C-ADAA-4AB8-9E04-961FC5144AA8}.Debug|Any CPU.ActiveCfg = Debug|Any CPU
		{E26FB59C-ADAA-4AB8-9E04-961FC5144AA8}.Debug|Any CPU.Build.0 = Debug|Any CPU
		{E26FB59C-ADAA-4AB8-9E04-961FC5144AA8}.Release|Any CPU.ActiveCfg = Release|Any CPU
		{E26FB59C-ADAA-4AB8-9E04-961FC5144AA8}.Release|Any CPU.Build.0 = Release|Any CPU
	EndGlobalSection
	GlobalSection(NestedProjects) = preSolution
		{F966A89D-982E-460E-BA7D-72441D5183B9} = {01E614AB-4000-4D2E-882B-BA966C1A47FB}
		{E26FB59C-ADAA-4AB8-9E04-961FC5144AA8} = {C494AB25-1803-45A8-8710-7075B26DAFBD}
	EndGlobalSection
EndGlobal
